{
  "nodes": {
    "deploy-rs": {
      "inputs": {
        "flake-compat": "flake-compat",
        "naersk": "naersk",
        "nixpkgs": "nixpkgs",
        "utils": "utils"
      },
      "locked": {
        "lastModified": 1620708296,
        "narHash": "sha256-8o6qy8kYYNX+gMgKWnNqGvmX0GCEmJ4ubDS3gdWH7sI=",
        "owner": "serokell",
        "repo": "deploy-rs",
        "rev": "896f9d3b5d7c0dc2566c7d2c6fe854ecef17daec",
        "type": "github"
      },
      "original": {
        "owner": "serokell",
        "repo": "deploy-rs",
        "type": "github"
      }
    },
    "fenix": {
      "inputs": {
        "naersk": "naersk_2",
        "nixpkgs": [
          "nixpkgs"
        ],
        "rust-analyzer-src": "rust-analyzer-src"
      },
      "locked": {
        "lastModified": 1620700974,
        "narHash": "sha256-9y+ZV9i068TfCSEANSmyBvA3M6l669Mt6ZfZ6j6V4x0=",
        "owner": "nix-community",
        "repo": "fenix",
        "rev": "58c38edcc38ab5bd811408ac9ff2ee5ef73f3a84",
        "type": "github"
      },
      "original": {
        "owner": "nix-community",
        "repo": "fenix",
        "type": "github"
      }
    },
    "flake-compat": {
      "flake": false,
      "locked": {
        "lastModified": 1606424373,
        "narHash": "sha256-oq8d4//CJOrVj+EcOaSXvMebvuTkmBJuT5tzlfewUnQ=",
        "owner": "edolstra",
        "repo": "flake-compat",
        "rev": "99f1c2157fba4bfe6211a321fd0ee43199025dbf",
        "type": "github"
      },
      "original": {
        "owner": "edolstra",
        "repo": "flake-compat",
        "type": "github"
      }
    },
    "flake-utils": {
      "locked": {
        "lastModified": 1620759905,
        "narHash": "sha256-WiyWawrgmyN0EdmiHyG2V+fqReiVi8bM9cRdMaKQOFg=",
        "owner": "numtide",
        "repo": "flake-utils",
        "rev": "b543720b25df6ffdfcf9227afafc5b8c1fabfae8",
        "type": "github"
      },
      "original": {
        "owner": "numtide",
        "repo": "flake-utils",
        "type": "github"
      }
    },
    "naersk": {
      "inputs": {
        "nixpkgs": [
          "nixpkgs"
        ]
      },
      "locked": {
        "lastModified": 1610392286,
        "narHash": "sha256-3wFl5y+4YZO4SgRYK8WE7JIS3p0sxbgrGaQ6RMw+d98=",
        "owner": "nmattia",
        "repo": "naersk",
        "rev": "d7bfbad3304fd768c0f93a4c3b50976275e6d4be",
        "type": "github"
      },
      "original": {
        "owner": "nmattia",
        "ref": "master",
        "repo": "naersk",
        "type": "github"
      }
    },
    "naersk_2": {
      "inputs": {
        "nixpkgs": [
          "nixpkgs"
        ]
      },
      "locked": {
        "lastModified": 1620316130,
        "narHash": "sha256-sU0VS5oJS1FsHsZsLELAXc7G2eIelVuucRw+q5B1x9k=",
        "owner": "nmattia",
        "repo": "naersk",
        "rev": "a3f40fe42cc6d267ff7518fa3199e99ff1444ac4",
        "type": "github"
      },
      "original": {
        "owner": "nmattia",
        "repo": "naersk",
        "type": "github"
      }
    },
    "naersk_3": {
      "inputs": {
        "nixpkgs": [
          "nixpkgs"
        ]
      },
      "locked": {
        "lastModified": 1620316130,
        "narHash": "sha256-sU0VS5oJS1FsHsZsLELAXc7G2eIelVuucRw+q5B1x9k=",
        "owner": "nmattia",
        "repo": "naersk",
        "rev": "a3f40fe42cc6d267ff7518fa3199e99ff1444ac4",
        "type": "github"
      },
      "original": {
        "owner": "nmattia",
        "repo": "naersk",
        "type": "github"
      }
    },
    "nixpkgs": {
      "locked": {
        "lastModified": 1610942247,
        "narHash": "sha256-PKo1ATAlC6BmfYSRmX0TVmNoFbrec+A5OKcabGEu2yU=",
        "owner": "NixOS",
        "repo": "nixpkgs",
        "rev": "7d71001b796340b219d1bfa8552c81995017544a",
        "type": "github"
      },
      "original": {
        "owner": "NixOS",
        "ref": "nixpkgs-unstable",
        "repo": "nixpkgs",
        "type": "github"
      }
    },
    "nixpkgs_2": {
      "locked": {
        "lastModified": 1620599598,
        "narHash": "sha256-4QAkz2vfRvtE39mjCNKAz4rBkOdoq8WPRn4lfWUhHaM=",
        "owner": "NixOS",
        "repo": "nixpkgs",
        "rev": "719ac402b1c13bb14cc496812c67fd7f65c7bf68",
        "type": "github"
      },
      "original": {
        "id": "nixpkgs",
        "ref": "nixpkgs-unstable",
        "type": "indirect"
      }
    },
    "root": {
      "inputs": {
        "deploy-rs": "deploy-rs",
        "fenix": "fenix",
        "naersk": "naersk_3",
        "nixpkgs": "nixpkgs_2",
        "utils": "utils_2"
      }
    },
    "rust-analyzer-src": {
      "flake": false,
      "locked": {
        "lastModified": 1620677459,
        "narHash": "sha256-cCqFRsGlja9NSP4rgvMNzrhr5pZ4o63K7aiGlMzMl3U=",
        "owner": "rust-analyzer",
        "repo": "rust-analyzer",
        "rev": "77f0c92fd8311bccc001ddaf9eb72662d35e9836",
        "type": "github"
      },
      "original": {
        "owner": "rust-analyzer",
        "ref": "nightly",
        "repo": "rust-analyzer",
        "type": "github"
      }
    },
    "utils": {
      "locked": {
        "lastModified": 1610051610,
        "narHash": "sha256-U9rPz/usA1/Aohhk7Cmc2gBrEEKRzcW4nwPWMPwja4Y=",
        "owner": "numtide",
        "repo": "flake-utils",
        "rev": "3982c9903e93927c2164caa727cd3f6a0e6d14cc",
        "type": "github"
      },
      "original": {
        "owner": "numtide",
        "repo": "flake-utils",
        "type": "github"
      }
    },
    "utils_2": {
      "inputs": {
        "flake-utils": "flake-utils"
      },
      "locked": {
        "lastModified": 1619358717,
        "narHash": "sha256-FkEOIW82ClvUBtD8aqPediM8FERldsOyjPIyapVa65I=",
        "owner": "gytis-ivaskevicius",
        "repo": "flake-utils-plus",
        "rev": "e7ae270a23695b50fbb6b72759a7fb1e3340ca86",
        "type": "github"
      },
      "original": {
        "owner": "gytis-ivaskevicius",
        "repo": "flake-utils-plus",
        "type": "github"
      }
    }
  },
  "root": "root",
  "version": 7
}
